
Microsoft Visual Studio Solution File, Format Version 12.00
# Visual Studio Version 16
VisualStudioVersion = 16.0.29613.14
MinimumVisualStudioVersion = 10.0.40219.1
Project("{9A19103F-16F7-4668-BE54-9A1E7A4F7556}") = "IEndpointRouteBuilderDemo-DoesntCompile", "IEndpointRouteBuilderDemo\IEndpointRouteBuilderDemo-DoesntCompile.csproj", "{9A566CD6-A042-47FC-9745-06AAE9D62E30}"
EndProject
Project("{9A19103F-16F7-4668-BE54-9A1E7A4F7556}") = "IEndpointRouteBuilderDemo-Compiles", "IEndpointRouteBuilderDemo-Compiles\IEndpointRouteBuilderDemo-Compiles.csproj", "{1C36E7FD-DF4F-490E-89FD-5F615E79A177}"
EndProject
Project("{2150E333-8FDC-42A3-9474-1A3956D46DE8}") = "Documentation", "Documentation", "{D0F3344D-A077-489B-904B-CE825298ADEB}"
	ProjectSection(SolutionItems) = preProject
		readme.md = readme.md
	EndProjectSection
EndProject
Global
	GlobalSection(SolutionConfigurationPlatforms) = preSolution
		Debug|Any CPU = Debug|Any CPU
		Release|Any CPU = Release|Any CPU
	EndGlobalSection
	GlobalSection(ProjectConfigurationPlatforms) = postSolution
		{9A566CD6-A042-47FC-9745-06AAE9D62E30}.Debug|Any CPU.ActiveCfg = Debug|Any CPU
		{9A566CD6-A042-47FC-9745-06AAE9D62E30}.Debug|Any CPU.Build.0 = Debug|Any CPU
		{9A566CD6-A042-47FC-9745-06AAE9D62E30}.Release|Any CPU.ActiveCfg = Release|Any CPU
		{9A566CD6-A042-47FC-9745-06AAE9D62E30}.Release|Any CPU.Build.0 = Release|Any CPU
		{1C36E7FD-DF4F-490E-89FD-5F615E79A177}.Debug|Any CPU.ActiveCfg = Debug|Any CPU
		{1C36E7FD-DF4F-490E-89FD-5F615E79A177}.Debug|Any CPU.Build.0 = Debug|Any CPU
		{1C36E7FD-DF4F-490E-89FD-5F615E79A177}.Release|Any CPU.ActiveCfg = Release|Any CPU
		{1C36E7FD-DF4F-490E-89FD-5F615E79A177}.Release|Any CPU.Build.0 = Release|Any CPU
	EndGlobalSection
	GlobalSection(SolutionProperties) = preSolution
		HideSolutionNode = FALSE
	EndGlobalSection
	GlobalSection(ExtensibilityGlobals) = postSolution
		SolutionGuid = {3A657818-4834-40B7-A2C5-3657CC89CF5B}
	EndGlobalSection
EndGlobal
